
Microsoft Visual Studio Solution File, Format Version 12.00
# Visual Studio 15
VisualStudioVersion = 15.0.27004.2006
MinimumVisualStudioVersion = 10.0.40219.1
Project("{9A19103F-16F7-4668-BE54-9A1E7A4F7556}") = "Luca_Email", "Email\Luca_Email.csproj", "{FD42C073-47EF-4958-AE8A-BFC30F2D02B8}"
EndProject
Project("{9A19103F-16F7-4668-BE54-9A1E7A4F7556}") = "Luca_SystemLogger", "Logger\Luca_SystemLogger.csproj", "{7883B4CA-4D4B-4C8E-B275-2A356AC7A9A1}"
EndProject
Project("{FAE04EC0-301F-11D3-BF4B-00C04F79EFBC}") = "OmronSysmacGatewayOpener", "OmronOpener\OmronSysmacGatewayOpener.csproj", "{49B9A697-F150-4EC2-B2D8-D640315B6930}"
EndProject
Global
	GlobalSection(SolutionConfigurationPlatforms) = preSolution
		Debug|Any CPU = Debug|Any CPU
		Release|Any CPU = Release|Any CPU
	EndGlobalSection
	GlobalSection(ProjectConfigurationPlatforms) = postSolution
		{FD42C073-47EF-4958-AE8A-BFC30F2D02B8}.Debug|Any CPU.ActiveCfg = Debug|Any CPU
		{FD42C073-47EF-4958-AE8A-BFC30F2D02B8}.Debug|Any CPU.Build.0 = Debug|Any CPU
		{FD42C073-47EF-4958-AE8A-BFC30F2D02B8}.Release|Any CPU.ActiveCfg = Release|Any CPU
		{FD42C073-47EF-4958-AE8A-BFC30F2D02B8}.Release|Any CPU.Build.0 = Release|Any CPU
		{7883B4CA-4D4B-4C8E-B275-2A356AC7A9A1}.Debug|Any CPU.ActiveCfg = Debug|Any CPU
		{7883B4CA-4D4B-4C8E-B275-2A356AC7A9A1}.Debug|Any CPU.Build.0 = Debug|Any CPU
		{7883B4CA-4D4B-4C8E-B275-2A356AC7A9A1}.Release|Any CPU.ActiveCfg = Release|Any CPU
		{7883B4CA-4D4B-4C8E-B275-2A356AC7A9A1}.Release|Any CPU.Build.0 = Release|Any CPU
		{49B9A697-F150-4EC2-B2D8-D640315B6930}.Debug|Any CPU.ActiveCfg = Debug|Any CPU
		{49B9A697-F150-4EC2-B2D8-D640315B6930}.Debug|Any CPU.Build.0 = Debug|Any CPU
		{49B9A697-F150-4EC2-B2D8-D640315B6930}.Release|Any CPU.ActiveCfg = Release|Any CPU
		{49B9A697-F150-4EC2-B2D8-D640315B6930}.Release|Any CPU.Build.0 = Release|Any CPU
	EndGlobalSection
	GlobalSection(SolutionProperties) = preSolution
		HideSolutionNode = FALSE
	EndGlobalSection
	GlobalSection(ExtensibilityGlobals) = postSolution
		SolutionGuid = {84FF8265-2321-46FF-8F63-1D8663172976}
	EndGlobalSection
EndGlobal
